
Microsoft Visual Studio Solution File, Format Version 12.00
# Visual Studio Version 16
VisualStudioVersion = 16.0.30907.101
MinimumVisualStudioVersion = 10.0.40219.1
Project("{FAE04EC0-301F-11D3-BF4B-00C04F79EFBC}") = "SqlDataReaderMapper", "SqlDataReaderMapper\SqlDataReaderMapper.csproj", "{72841A3D-4FC0-4183-90F4-7A55C08A8206}"
EndProject
Project("{FAE04EC0-301F-11D3-BF4B-00C04F79EFBC}") = "Tests", "Tests\Tests.csproj", "{647C937F-D5C3-4030-862C-8CC7B87AA63F}"
EndProject
Project("{2150E333-8FDC-42A3-9474-1A3956D46DE8}") = "Database Script", "Database Script", "{4C82215C-AA5A-4661-9C62-794B66B65F73}"
	ProjectSection(SolutionItems) = preProject
		..\AdoHelper\Tests\DatabaseInitScript.sql = ..\AdoHelper\Tests\DatabaseInitScript.sql
	EndProjectSection
EndProject
Global
	GlobalSection(SolutionConfigurationPlatforms) = preSolution
		Debug|Any CPU = Debug|Any CPU
		Release|Any CPU = Release|Any CPU
	EndGlobalSection
	GlobalSection(ProjectConfigurationPlatforms) = postSolution
		{72841A3D-4FC0-4183-90F4-7A55C08A8206}.Debug|Any CPU.ActiveCfg = Debug|Any CPU
		{72841A3D-4FC0-4183-90F4-7A55C08A8206}.Debug|Any CPU.Build.0 = Debug|Any CPU
		{72841A3D-4FC0-4183-90F4-7A55C08A8206}.Release|Any CPU.ActiveCfg = Release|Any CPU
		{72841A3D-4FC0-4183-90F4-7A55C08A8206}.Release|Any CPU.Build.0 = Release|Any CPU
		{647C937F-D5C3-4030-862C-8CC7B87AA63F}.Debug|Any CPU.ActiveCfg = Debug|Any CPU
		{647C937F-D5C3-4030-862C-8CC7B87AA63F}.Debug|Any CPU.Build.0 = Debug|Any CPU
		{647C937F-D5C3-4030-862C-8CC7B87AA63F}.Release|Any CPU.ActiveCfg = Release|Any CPU
		{647C937F-D5C3-4030-862C-8CC7B87AA63F}.Release|Any CPU.Build.0 = Release|Any CPU
	EndGlobalSection
	GlobalSection(SolutionProperties) = preSolution
		HideSolutionNode = FALSE
	EndGlobalSection
	GlobalSection(ExtensibilityGlobals) = postSolution
		SolutionGuid = {9D4BC8DA-3107-433F-9C44-1E5C7370DEEB}
	EndGlobalSection
EndGlobal
